
Microsoft Visual Studio Solution File, Format Version 12.00
# Visual Studio Version 17
VisualStudioVersion = 17.10.35013.160
MinimumVisualStudioVersion = 10.0.40219.1
Project("{FAE04EC0-301F-11D3-BF4B-00C04F79EFBC}") = "UExample.web", "UExample\UExample.web.csproj", "{19198D35-9427-4C86-A36F-88AC17571166}"
EndProject
Project("{FAE04EC0-301F-11D3-BF4B-00C04F79EFBC}") = "UExample.DataLayer", "UExample.DataLayer\UExample.DataLayer.csproj", "{B2C2B9AF-0E28-4E6C-92AB-862D6F8E13A9}"
EndProject
Project("{FAE04EC0-301F-11D3-BF4B-00C04F79EFBC}") = "UExample.Core", "UExample.Core\UExample.Core.csproj", "{AF18CE0D-1B39-46BF-A8B6-8364E50BC089}"
EndProject
Global
	GlobalSection(SolutionConfigurationPlatforms) = preSolution
		Debug|Any CPU = Debug|Any CPU
		Release|Any CPU = Release|Any CPU
	EndGlobalSection
	GlobalSection(ProjectConfigurationPlatforms) = postSolution
		{19198D35-9427-4C86-A36F-88AC17571166}.Debug|Any CPU.ActiveCfg = Debug|Any CPU
		{19198D35-9427-4C86-A36F-88AC17571166}.Debug|Any CPU.Build.0 = Debug|Any CPU
		{19198D35-9427-4C86-A36F-88AC17571166}.Release|Any CPU.ActiveCfg = Release|Any CPU
		{19198D35-9427-4C86-A36F-88AC17571166}.Release|Any CPU.Build.0 = Release|Any CPU
		{B2C2B9AF-0E28-4E6C-92AB-862D6F8E13A9}.Debug|Any CPU.ActiveCfg = Debug|Any CPU
		{B2C2B9AF-0E28-4E6C-92AB-862D6F8E13A9}.Debug|Any CPU.Build.0 = Debug|Any CPU
		{B2C2B9AF-0E28-4E6C-92AB-862D6F8E13A9}.Release|Any CPU.ActiveCfg = Release|Any CPU
		{B2C2B9AF-0E28-4E6C-92AB-862D6F8E13A9}.Release|Any CPU.Build.0 = Release|Any CPU
		{AF18CE0D-1B39-46BF-A8B6-8364E50BC089}.Debug|Any CPU.ActiveCfg = Debug|Any CPU
		{AF18CE0D-1B39-46BF-A8B6-8364E50BC089}.Debug|Any CPU.Build.0 = Debug|Any CPU
		{AF18CE0D-1B39-46BF-A8B6-8364E50BC089}.Release|Any CPU.ActiveCfg = Release|Any CPU
		{AF18CE0D-1B39-46BF-A8B6-8364E50BC089}.Release|Any CPU.Build.0 = Release|Any CPU
	EndGlobalSection
	GlobalSection(SolutionProperties) = preSolution
		HideSolutionNode = FALSE
	EndGlobalSection
	GlobalSection(ExtensibilityGlobals) = postSolution
		SolutionGuid = {8F99B562-8DBF-4976-8870-E5D46D4025BF}
	EndGlobalSection
EndGlobal
